// !$*UTF8*$!
{
	archiveVersion = 1;
	classes = {
	};
	objectVersion = 77;
	objects = {

/* Begin PBXContainerItemProxy section */
		0D0E5DE22E399D30009B50C9 /* PBXContainerItemProxy */ = {
			isa = PBXContainerItemProxy;
			containerPortal = 0D0E5DCB2E399D2E009B50C9 /* Project object */;
			proxyType = 1;
			remoteGlobalIDString = 0D0E5DD22E399D2E009B50C9;
			remoteInfo = taskmanager;
		};
		0D0E5DEC2E399D30009B50C9 /* PBXContainerItemProxy */ = {
			isa = PBXContainerItemProxy;
			containerPortal = 0D0E5DCB2E399D2E009B50C9 /* Project object */;
			proxyType = 1;
			remoteGlobalIDString = 0D0E5DD22E399D2E009B50C9;
			remoteInfo = taskmanager;
		};
/* End PBXContainerItemProxy section */

/* Begin PBXFileReference section */
		0D0E5DD32E399D2E009B50C9 /* taskmanager.app */ = {isa = PBXFileReference; explicitFileType = wrapper.application; includeInIndex = 0; path = taskmanager.app; sourceTree = BUILT_PRODUCTS_DIR; };
		0D0E5DE12E399D30009B50C9 /* taskmanagerTests.xctest */ = {isa = PBXFileReference; explicitFileType = wrapper.cfbundle; includeInIndex = 0; path = taskmanagerTests.xctest; sourceTree = BUILT_PRODUCTS_DIR; };
		0D0E5DEB2E399D30009B50C9 /* taskmanagerUITests.xctest */ = {isa = PBXFileReference; explicitFileType = wrapper.cfbundle; includeInIndex = 0; path = taskmanagerUITests.xctest; sourceTree = BUILT_PRODUCTS_DIR; };
/* End PBXFileReference section */

/* Begin PBXFileSystemSynchronizedRootGroup section */
		0D0E5DD52E399D2E009B50C9 /* taskmanager */ = {
			isa = PBXFileSystemSynchronizedRootGroup;
			path = taskmanager;
			sourceTree = "<group>";
		};
		0D0E5DE42E399D30009B50C9 /* taskmanagerTests */ = {
			isa = PBXFileSystemSynchronizedRootGroup;
			path = taskmanagerTests;
			sourceTree = "<group>";
		};
		0D0E5DEE2E399D30009B50C9 /* taskmanagerUITests */ = {
			isa = PBXFileSystemSynchronizedRootGroup;
			path = taskmanagerUITests;
			sourceTree = "<group>";
		};
/* End PBXFileSystemSynchronizedRootGroup section */

/* Begin PBXFrameworksBuildPhase section */
		0D0E5DD02E399D2E009B50C9 /* Frameworks */ = {
			isa = PBXFrameworksBuildPhase;
			buildActionMask = 2147483647;
			files = (
			);
			runOnlyForDeploymentPostprocessing = 0;
		};
		0D0E5DDE2E399D30009B50C9 /* Frameworks */ = {
			isa = PBXFrameworksBuildPhase;
			buildActionMask = 2147483647;
			files = (
			);
			runOnlyForDeploymentPostprocessing = 0;
		};
		0D0E5DE82E399D30009B50C9 /* Frameworks */ = {
			isa = PBXFrameworksBuildPhase;
			buildActionMask = 2147483647;
			files = (
			);
			runOnlyForDeploymentPostprocessing = 0;
		};
/* End PBXFrameworksBuildPhase section */

/* Begin PBXGroup section */
		0D0E5DCA2E399D2E009B50C9 = {
			isa = PBXGroup;
			children = (
				0D0E5DD52E399D2E009B50C9 /* taskmanager */,
				0D0E5DE42E399D30009B50C9 /* taskmanagerTests */,
				0D0E5DEE2E399D30009B50C9 /* taskmanagerUITests */,
				0D0E5DD42E399D2E009B50C9 /* Products */,
			);
			sourceTree = "<group>";
		};
		0D0E5DD42E399D2E009B50C9 /* Products */ = {
			isa = PBXGroup;
			children = (
				0D0E5DD32E399D2E009B50C9 /* taskmanager.app */,
				0D0E5DE12E399D30009B50C9 /* taskmanagerTests.xctest */,
				0D0E5DEB2E399D30009B50C9 /* taskmanagerUITests.xctest */,
			);
			name = Products;
			sourceTree = "<group>";
		};
/* End PBXGroup section */

/* Begin PBXNativeTarget section */
		0D0E5DD22E399D2E009B50C9 /* taskmanager */ = {
			isa = PBXNativeTarget;
			buildConfigurationList = 0D0E5DF52E399D30009B50C9 /* Build configuration list for PBXNativeTarget "taskmanager" */;
			buildPhases = (
				0D0E5DCF2E399D2E009B50C9 /* Sources */,
				0D0E5DD02E399D2E009B50C9 /* Frameworks */,
				0D0E5DD12E399D2E009B50C9 /* Resources */,
			);
			buildRules = (
			);
			dependencies = (
			);
			fileSystemSynchronizedGroups = (
				0D0E5DD52E399D2E009B50C9 /* taskmanager */,
			);
			name = taskmanager;
			packageProductDependencies = (
			);
			productName = taskmanager;
			productReference = 0D0E5DD32E399D2E009B50C9 /* taskmanager.app */;
			productType = "com.apple.product-type.application";
		};
		0D0E5DE02E399D30009B50C9 /* taskmanagerTests */ = {
			isa = PBXNativeTarget;
			buildConfigurationList = 0D0E5DF82E399D30009B50C9 /* Build configuration list for PBXNativeTarget "taskmanagerTests" */;
			buildPhases = (
				0D0E5DDD2E399D30009B50C9 /* Sources */,
				0D0E5DDE2E399D30009B50C9 /* Frameworks */,
				0D0E5DDF2E399D30009B50C9 /* Resources */,
			);
			buildRules = (
			);
			dependencies = (
				0D0E5DE32E399D30009B50C9 /* PBXTargetDependency */,
			);
			fileSystemSynchronizedGroups = (
				0D0E5DE42E399D30009B50C9 /* taskmanagerTests */,
			);
			name = taskmanagerTests;
			packageProductDependencies = (
			);
			productName = taskmanagerTests;
			productReference = 0D0E5DE12E399D30009B50C9 /* taskmanagerTests.xctest */;
			productType = "com.apple.product-type.bundle.unit-test";
		};
		0D0E5DEA2E399D30009B50C9 /* taskmanagerUITests */ = {
			isa = PBXNativeTarget;
			buildConfigurationList = 0D0E5DFB2E399D30009B50C9 /* Build configuration list for PBXNativeTarget "taskmanagerUITests" */;
			buildPhases = (
				0D0E5DE72E399D30009B50C9 /* Sources */,
				0D0E5DE82E399D30009B50C9 /* Frameworks */,
				0D0E5DE92E399D30009B50C9 /* Resources */,
			);
			buildRules = (
			);
			dependencies = (
				0D0E5DED2E399D30009B50C9 /* PBXTargetDependency */,
			);
			fileSystemSynchronizedGroups = (
				0D0E5DEE2E399D30009B50C9 /* taskmanagerUITests */,
			);
			name = taskmanagerUITests;
			packageProductDependencies = (
			);
			productName = taskmanagerUITests;
			productReference = 0D0E5DEB2E399D30009B50C9 /* taskmanagerUITests.xctest */;
			productType = "com.apple.product-type.bundle.ui-testing";
		};
/* End PBXNativeTarget section */

/* Begin PBXProject section */
		0D0E5DCB2E399D2E009B50C9 /* Project object */ = {
			isa = PBXProject;
			attributes = {
				BuildIndependentTargetsInParallel = 1;
				LastSwiftUpdateCheck = 1640;
				LastUpgradeCheck = 1640;
				TargetAttributes = {
					0D0E5DD22E399D2E009B50C9 = {
						CreatedOnToolsVersion = 16.4;
					};
					0D0E5DE02E399D30009B50C9 = {
						CreatedOnToolsVersion = 16.4;
						TestTargetID = 0D0E5DD22E399D2E009B50C9;
					};
					0D0E5DEA2E399D30009B50C9 = {
						CreatedOnToolsVersion = 16.4;
						TestTargetID = 0D0E5DD22E399D2E009B50C9;
					};
				};
			};
			buildConfigurationList = 0D0E5DCE2E399D2E009B50C9 /* Build configuration list for PBXProject "taskmanager" */;
			developmentRegion = en;
			hasScannedForEncodings = 0;
			knownRegions = (
				en,
				Base,
			);
			mainGroup = 0D0E5DCA2E399D2E009B50C9;
			minimizedProjectReferenceProxies = 1;
			preferredProjectObjectVersion = 77;
			productRefGroup = 0D0E5DD42E399D2E009B50C9 /* Products */;
			projectDirPath = "";
			projectRoot = "";
			targets = (
				0D0E5DD22E399D2E009B50C9 /* taskmanager */,
				0D0E5DE02E399D30009B50C9 /* taskmanagerTests */,
				0D0E5DEA2E399D30009B50C9 /* taskmanagerUITests */,
			);
		};
/* End PBXProject section */

/* Begin PBXResourcesBuildPhase section */
		0D0E5DD12E399D2E009B50C9 /* Resources */ = {
			isa = PBXResourcesBuildPhase;
			buildActionMask = 2147483647;
			files = (
			);
			runOnlyForDeploymentPostprocessing = 0;
		};
		0D0E5DDF2E399D30009B50C9 /* Resources */ = {
			isa = PBXResourcesBuildPhase;
			buildActionMask = 2147483647;
			files = (
			);
			runOnlyForDeploymentPostprocessing = 0;
		};
		0D0E5DE92E399D30009B50C9 /* Resources */ = {
			isa = PBXResourcesBuildPhase;
			buildActionMask = 2147483647;
			files = (
			);
			runOnlyForDeploymentPostprocessing = 0;
		};
/* End PBXResourcesBuildPhase section */

/* Begin PBXSourcesBuildPhase section */
		0D0E5DCF2E399D2E009B50C9 /* Sources */ = {
			isa = PBXSourcesBuildPhase;
			buildActionMask = 2147483647;
			files = (
			);
			runOnlyForDeploymentPostprocessing = 0;
		};
		0D0E5DDD2E399D30009B50C9 /* Sources */ = {
			isa = PBXSourcesBuildPhase;
			buildActionMask = 2147483647;
			files = (
			);
			runOnlyForDeploymentPostprocessing = 0;
		};
		0D0E5DE72E399D30009B50C9 /* Sources */ = {
			isa = PBXSourcesBuildPhase;
			buildActionMask = 2147483647;
			files = (
			);
			runOnlyForDeploymentPostprocessing = 0;
		};
/* End PBXSourcesBuildPhase section */

/* Begin PBXTargetDependency section */
		0D0E5DE32E399D30009B50C9 /* PBXTargetDependency */ = {
			isa = PBXTargetDependency;
			target = 0D0E5DD22E399D2E009B50C9 /* taskmanager */;
			targetProxy = 0D0E5DE22E399D30009B50C9 /* PBXContainerItemProxy */;
		};
		0D0E5DED2E399D30009B50C9 /* PBXTargetDependency */ = {
			isa = PBXTargetDependency;
			target = 0D0E5DD22E399D2E009B50C9 /* taskmanager */;
			targetProxy = 0D0E5DEC2E399D30009B50C9 /* PBXContainerItemProxy */;
		};
/* End PBXTargetDependency section */

/* Begin XCBuildConfiguration section */
		0D0E5DF32E399D30009B50C9 /* Debug */ = {
			isa = XCBuildConfiguration;
			buildSettings = {
				ALWAYS_SEARCH_USER_PATHS = NO;
				ASSETCATALOG_COMPILER_GENERATE_SWIFT_ASSET_SYMBOL_EXTENSIONS = YES;
				CLANG_ANALYZER_NONNULL = YES;
				CLANG_ANALYZER_NUMBER_OBJECT_CONVERSION = YES_AGGRESSIVE;
				CLANG_CXX_LANGUAGE_STANDARD = "gnu++20";
				CLANG_ENABLE_MODULES = YES;
				CLANG_ENABLE_OBJC_ARC = YES;
				CLANG_ENABLE_OBJC_WEAK = YES;
				CLANG_WARN_BLOCK_CAPTURE_AUTORELEASING = YES;
				CLANG_WARN_BOOL_CONVERSION = YES;
				CLANG_WARN_COMMA = YES;
				CLANG_WARN_CONSTANT_CONVERSION = YES;
				CLANG_WARN_DEPRECATED_OBJC_IMPLEMENTATIONS = YES;
				CLANG_WARN_DIRECT_OBJC_ISA_USAGE = YES_ERROR;
				CLANG_WARN_DOCUMENTATION_COMMENTS = YES;
				CLANG_WARN_EMPTY_BODY = YES;
				CLANG_WARN_ENUM_CONVERSION = YES;
				CLANG_WARN_INFINITE_RECURSION = YES;
				CLANG_WARN_INT_CONVERSION = YES;
				CLANG_WARN_NON_LITERAL_NULL_CONVERSION = YES;
				CLANG_WARN_OBJC_IMPLICIT_RETAIN_SELF = YES;
				CLANG_WARN_OBJC_LITERAL_CONVERSION = YES;
				CLANG_WARN_OBJC_ROOT_CLASS = YES_ERROR;
				CLANG_WARN_QUOTED_INCLUDE_IN_FRAMEWORK_HEADER = YES;
				CLANG_WARN_RANGE_LOOP_ANALYSIS = YES;
				CLANG_WARN_STRICT_PROTOTYPES = YES;
				CLANG_WARN_SUSPICIOUS_MOVE = YES;
				CLANG_WARN_UNGUARDED_AVAILABILITY = YES_AGGRESSIVE;
				CLANG_WARN_UNREACHABLE_CODE = YES;
				CLANG_WARN__DUPLICATE_METHOD_MATCH = YES;
				COPY_PHASE_STRIP = NO;
				DEBUG_INFORMATION_FORMAT = dwarf;
				DEVELOPMENT_TEAM = A5Y588G4YX;
				ENABLE_STRICT_OBJC_MSGSEND = YES;
				ENABLE_TESTABILITY = YES;
				ENABLE_USER_SCRIPT_SANDBOXING = YES;
				GCC_C_LANGUAGE_STANDARD = gnu17;
				GCC_DYNAMIC_NO_PIC = NO;
				GCC_NO_COMMON_BLOCKS = YES;
				GCC_OPTIMIZATION_LEVEL = 0;
				GCC_PREPROCESSOR_DEFINITIONS = (
					"DEBUG=1",
					"$(inherited)",
				);
				GCC_WARN_64_TO_32_BIT_CONVERSION = YES;
				GCC_WARN_ABOUT_RETURN_TYPE = YES_ERROR;
				GCC_WARN_UNDECLARED_SELECTOR = YES;
				GCC_WARN_UNINITIALIZED_AUTOS = YES_AGGRESSIVE;
				GCC_WARN_UNUSED_FUNCTION = YES;
				GCC_WARN_UNUSED_VARIABLE = YES;
				LOCALIZATION_PREFERS_STRING_CATALOGS = YES;
				MACOSX_DEPLOYMENT_TARGET = 15.5;
				MTL_ENABLE_DEBUG_INFO = INCLUDE_SOURCE;
				MTL_FAST_MATH = YES;
				ONLY_ACTIVE_ARCH = YES;
				SDKROOT = macosx;
				SWIFT_ACTIVE_COMPILATION_CONDITIONS = "DEBUG $(inherited)";
				SWIFT_OPTIMIZATION_LEVEL = "-Onone";
			};
			name = Debug;
		};
		0D0E5DF42E399D30009B50C9 /* Release */ = {
			isa = XCBuildConfiguration;
			buildSettings = {
				ALWAYS_SEARCH_USER_PATHS = NO;
				ASSETCATALOG_COMPILER_GENERATE_SWIFT_ASSET_SYMBOL_EXTENSIONS = YES;
				CLANG_ANALYZER_NONNULL = YES;
				CLANG_ANALYZER_NUMBER_OBJECT_CONVERSION = YES_AGGRESSIVE;
				CLANG_CXX_LANGUAGE_STANDARD = "gnu++20";
				CLANG_ENABLE_MODULES = YES;
				CLANG_ENABLE_OBJC_ARC = YES;
				CLANG_ENABLE_OBJC_WEAK = YES;
				CLANG_WARN_BLOCK_CAPTURE_AUTORELEASING = YES;
				CLANG_WARN_BOOL_CONVERSION = YES;
				CLANG_WARN_COMMA = YES;
				CLANG_WARN_CONSTANT_CONVERSION = YES;
				CLANG_WARN_DEPRECATED_OBJC_IMPLEMENTATIONS = YES;
				CLANG_WARN_DIRECT_OBJC_ISA_USAGE = YES_ERROR;
				CLANG_WARN_DOCUMENTATION_COMMENTS = YES;
				CLANG_WARN_EMPTY_BODY = YES;
				CLANG_WARN_ENUM_CONVERSION = YES;
				CLANG_WARN_INFINITE_RECURSION = YES;
				CLANG_WARN_INT_CONVERSION = YES;
				CLANG_WARN_NON_LITERAL_NULL_CONVERSION = YES;
				CLANG_WARN_OBJC_IMPLICIT_RETAIN_SELF = YES;
				CLANG_WARN_OBJC_LITERAL_CONVERSION = YES;
				CLANG_WARN_OBJC_ROOT_CLASS = YES_ERROR;
				CLANG_WARN_QUOTED_INCLUDE_IN_FRAMEWORK_HEADER = YES;
				CLANG_WARN_RANGE_LOOP_ANALYSIS = YES;
				CLANG_WARN_STRICT_PROTOTYPES = YES;
				CLANG_WARN_SUSPICIOUS_MOVE = YES;
				CLANG_WARN_UNGUARDED_AVAILABILITY = YES_AGGRESSIVE;
				CLANG_WARN_UNREACHABLE_CODE = YES;
				CLANG_WARN__DUPLICATE_METHOD_MATCH = YES;
				COPY_PHASE_STRIP = NO;
				DEBUG_INFORMATION_FORMAT = "dwarf-with-dsym";
				DEVELOPMENT_TEAM = A5Y588G4YX;
				ENABLE_NS_ASSERTIONS = NO;
				ENABLE_STRICT_OBJC_MSGSEND = YES;
				ENABLE_USER_SCRIPT_SANDBOXING = YES;
				GCC_C_LANGUAGE_STANDARD = gnu17;
				GCC_NO_COMMON_BLOCKS = YES;
				GCC_WARN_64_TO_32_BIT_CONVERSION = YES;
				GCC_WARN_ABOUT_RETURN_TYPE = YES_ERROR;
				GCC_WARN_UNDECLARED_SELECTOR = YES;
				GCC_WARN_UNINITIALIZED_AUTOS = YES_AGGRESSIVE;
				GCC_WARN_UNUSED_FUNCTION = YES;
				GCC_WARN_UNUSED_VARIABLE = YES;
				LOCALIZATION_PREFERS_STRING_CATALOGS = YES;
				MACOSX_DEPLOYMENT_TARGET = 15.5;
				MTL_ENABLE_DEBUG_INFO = NO;
				MTL_FAST_MATH = YES;
				SDKROOT = macosx;
				SWIFT_COMPILATION_MODE = wholemodule;
			};
			name = Release;
		};
		0D0E5DF62E399D30009B50C9 /* Debug */ = {
			isa = XCBuildConfiguration;
			buildSettings = {
				ASSETCATALOG_COMPILER_APPICON_NAME = AppIcon;
				ASSETCATALOG_COMPILER_GLOBAL_ACCENT_COLOR_NAME = AccentColor;
				CODE_SIGN_ENTITLEMENTS = taskmanager/taskmanager.entitlements;
				CODE_SIGN_STYLE = Automatic;
				COMBINE_HIDPI_IMAGES = YES;
				CURRENT_PROJECT_VERSION = 1;
				DEVELOPMENT_TEAM = A5Y588G4YX;
				ENABLE_HARDENED_RUNTIME = YES;
				ENABLE_PREVIEWS = YES;
				GENERATE_INFOPLIST_FILE = YES;
				INFOPLIST_KEY_NSHumanReadableCopyright = "";
				LD_RUNPATH_SEARCH_PATHS = (
					"$(inherited)",
					"@executable_path/../Frameworks",
				);
				MARKETING_VERSION = 1.0;
				PRODUCT_BUNDLE_IDENTIFIER = com.taskmanager;
				PRODUCT_NAME = "$(TARGET_NAME)";
				REGISTER_APP_GROUPS = YES;
				SWIFT_EMIT_LOC_STRINGS = YES;
				SWIFT_VERSION = 5.0;
			};
			name = Debug;
		};
		0D0E5DF72E399D30009B50C9 /* Release */ = {
			isa = XCBuildConfiguration;
			buildSettings = {
				ASSETCATALOG_COMPILER_APPICON_NAME = AppIcon;
				ASSETCATALOG_COMPILER_GLOBAL_ACCENT_COLOR_NAME = AccentColor;
				CODE_SIGN_ENTITLEMENTS = taskmanager/taskmanager.entitlements;
				CODE_SIGN_STYLE = Automatic;
				COMBINE_HIDPI_IMAGES = YES;
				CURRENT_PROJECT_VERSION = 1;
				DEVELOPMENT_TEAM = A5Y588G4YX;
				ENABLE_HARDENED_RUNTIME = YES;
				ENABLE_PREVIEWS = YES;
				GENERATE_INFOPLIST_FILE = YES;
				INFOPLIST_KEY_NSHumanReadableCopyright = "";
				LD_RUNPATH_SEARCH_PATHS = (
					"$(inherited)",
					"@executable_path/../Frameworks",
				);
				MARKETING_VERSION = 1.0;
				PRODUCT_BUNDLE_IDENTIFIER = com.taskmanager;
				PRODUCT_NAME = "$(TARGET_NAME)";
				REGISTER_APP_GROUPS = YES;
				SWIFT_EMIT_LOC_STRINGS = YES;
				SWIFT_VERSION = 5.0;
			};
			name = Release;
		};
		0D0E5DF92E399D30009B50C9 /* Debug */ = {
			isa = XCBuildConfiguration;
			buildSettings = {
				BUNDLE_LOADER = "$(TEST_HOST)";
				CODE_SIGN_STYLE = Automatic;
				CURRENT_PROJECT_VERSION = 1;
				DEVELOPMENT_TEAM = A5Y588G4YX;
				GENERATE_INFOPLIST_FILE = YES;
				MACOSX_DEPLOYMENT_TARGET = 15.5;
				MARKETING_VERSION = 1.0;
				PRODUCT_BUNDLE_IDENTIFIER = com.taskmanagerTests;
				PRODUCT_NAME = "$(TARGET_NAME)";
				SWIFT_EMIT_LOC_STRINGS = NO;
				SWIFT_VERSION = 5.0;
				TEST_HOST = "$(BUILT_PRODUCTS_DIR)/taskmanager.app/$(BUNDLE_EXECUTABLE_FOLDER_PATH)/taskmanager";
			};
			name = Debug;
		};
		0D0E5DFA2E399D30009B50C9 /* Release */ = {
			isa = XCBuildConfiguration;
			buildSettings = {
				BUNDLE_LOADER = "$(TEST_HOST)";
				CODE_SIGN_STYLE = Automatic;
				CURRENT_PROJECT_VERSION = 1;
				DEVELOPMENT_TEAM = A5Y588G4YX;
				GENERATE_INFOPLIST_FILE = YES;
				MACOSX_DEPLOYMENT_TARGET = 15.5;
				MARKETING_VERSION = 1.0;
				PRODUCT_BUNDLE_IDENTIFIER = com.taskmanagerTests;
				PRODUCT_NAME = "$(TARGET_NAME)";
				SWIFT_EMIT_LOC_STRINGS = NO;
				SWIFT_VERSION = 5.0;
				TEST_HOST = "$(BUILT_PRODUCTS_DIR)/taskmanager.app/$(BUNDLE_EXECUTABLE_FOLDER_PATH)/taskmanager";
			};
			name = Release;
		};
		0D0E5DFC2E399D30009B50C9 /* Debug */ = {
			isa = XCBuildConfiguration;
			buildSettings = {
				CODE_SIGN_STYLE = Automatic;
				CURRENT_PROJECT_VERSION = 1;
				DEVELOPMENT_TEAM = A5Y588G4YX;
				GENERATE_INFOPLIST_FILE = YES;
				MARKETING_VERSION = 1.0;
				PRODUCT_BUNDLE_IDENTIFIER = com.taskmanagerUITests;
				PRODUCT_NAME = "$(TARGET_NAME)";
				SWIFT_EMIT_LOC_STRINGS = NO;
				SWIFT_VERSION = 5.0;
				TEST_TARGET_NAME = taskmanager;
			};
			name = Debug;
		};
		0D0E5DFD2E399D30009B50C9 /* Release */ = {
			isa = XCBuildConfiguration;
			buildSettings = {
				CODE_SIGN_STYLE = Automatic;
				CURRENT_PROJECT_VERSION = 1;
				DEVELOPMENT_TEAM = A5Y588G4YX;
				GENERATE_INFOPLIST_FILE = YES;
				MARKETING_VERSION = 1.0;
				PRODUCT_BUNDLE_IDENTIFIER = com.taskmanagerUITests;
				PRODUCT_NAME = "$(TARGET_NAME)";
				SWIFT_EMIT_LOC_STRINGS = NO;
				SWIFT_VERSION = 5.0;
				TEST_TARGET_NAME = taskmanager;
			};
			name = Release;
		};
/* End XCBuildConfiguration section */

/* Begin XCConfigurationList section */
		0D0E5DCE2E399D2E009B50C9 /* Build configuration list for PBXProject "taskmanager" */ = {
			isa = XCConfigurationList;
			buildConfigurations = (
				0D0E5DF32E399D30009B50C9 /* Debug */,
				0D0E5DF42E399D30009B50C9 /* Release */,
			);
			defaultConfigurationIsVisible = 0;
			defaultConfigurationName = Release;
		};
		0D0E5DF52E399D30009B50C9 /* Build configuration list for PBXNativeTarget "taskmanager" */ = {
			isa = XCConfigurationList;
			buildConfigurations = (
				0D0E5DF62E399D30009B50C9 /* Debug */,
				0D0E5DF72E399D30009B50C9 /* Release */,
			);
			defaultConfigurationIsVisible = 0;
			defaultConfigurationName = Release;
		};
		0D0E5DF82E399D30009B50C9 /* Build configuration list for PBXNativeTarget "taskmanagerTests" */ = {
			isa = XCConfigurationList;
			buildConfigurations = (
				0D0E5DF92E399D30009B50C9 /* Debug */,
				0D0E5DFA2E399D30009B50C9 /* Release */,
			);
			defaultConfigurationIsVisible = 0;
			defaultConfigurationName = Release;
		};
		0D0E5DFB2E399D30009B50C9 /* Build configuration list for PBXNativeTarget "taskmanagerUITests" */ = {
			isa = XCConfigurationList;
			buildConfigurations = (
				0D0E5DFC2E399D30009B50C9 /* Debug */,
				0D0E5DFD2E399D30009B50C9 /* Release */,
			);
			defaultConfigurationIsVisible = 0;
			defaultConfigurationName = Release;
		};
/* End XCConfigurationList section */
	};
	rootObject = 0D0E5DCB2E399D2E009B50C9 /* Project object */;
}
